
Microsoft Visual Studio Solution File, Format Version 12.00
# Visual Studio Version 16
VisualStudioVersion = 16.0.31205.134
MinimumVisualStudioVersion = 10.0.40219.1
Project("{888888A0-9F3D-457C-B088-3A5042F75D52}") = "RotateMatrix", "RotateMatrix\RotateMatrix.pyproj", "{6DB42CA0-44C4-4523-85AC-5BEB309F84E3}"
EndProject
Global
	GlobalSection(SolutionConfigurationPlatforms) = preSolution
		Debug|Any CPU = Debug|Any CPU
		Release|Any CPU = Release|Any CPU
	EndGlobalSection
	GlobalSection(ProjectConfigurationPlatforms) = postSolution
		{6DB42CA0-44C4-4523-85AC-5BEB309F84E3}.Debug|Any CPU.ActiveCfg = Debug|Any CPU
		{6DB42CA0-44C4-4523-85AC-5BEB309F84E3}.Release|Any CPU.ActiveCfg = Release|Any CPU
	EndGlobalSection
	GlobalSection(SolutionProperties) = preSolution
		HideSolutionNode = FALSE
	EndGlobalSection
	GlobalSection(ExtensibilityGlobals) = postSolution
		SolutionGuid = {80ADA62C-97A1-43C2-A32B-199C3BFFEA77}
	EndGlobalSection
EndGlobal
